
Microsoft Visual Studio Solution File, Format Version 12.00
# Visual Studio 14
VisualStudioVersion = 14.0.25420.1
MinimumVisualStudioVersion = 10.0.40219.1
Project("{FAE04EC0-301F-11D3-BF4B-00C04F79EFBC}") = "K2Field.Powershell.Module", "K2Field.Powershell.Module\K2Field.Powershell.Module.csproj", "{3D68A0D1-1127-4596-AC8D-B3A27038B17F}"
EndProject
Global
	GlobalSection(SolutionConfigurationPlatforms) = preSolution
		Debug|Any CPU = Debug|Any CPU
		Release|Any CPU = Release|Any CPU
	EndGlobalSection
	GlobalSection(ProjectConfigurationPlatforms) = postSolution
		{3D68A0D1-1127-4596-AC8D-B3A27038B17F}.Debug|Any CPU.ActiveCfg = Debug|Any CPU
		{3D68A0D1-1127-4596-AC8D-B3A27038B17F}.Debug|Any CPU.Build.0 = Debug|Any CPU
		{3D68A0D1-1127-4596-AC8D-B3A27038B17F}.Release|Any CPU.ActiveCfg = Release|Any CPU
		{3D68A0D1-1127-4596-AC8D-B3A27038B17F}.Release|Any CPU.Build.0 = Release|Any CPU
	EndGlobalSection
	GlobalSection(SolutionProperties) = preSolution
		HideSolutionNode = FALSE
	EndGlobalSection
EndGlobal
